
Microsoft Visual Studio Solution File, Format Version 12.00
# Visual Studio Version 17
VisualStudioVersion = 17.10.34928.147
MinimumVisualStudioVersion = 10.0.40219.1
Project("{FAE04EC0-301F-11D3-BF4B-00C04F79EFBC}") = "CS_TinhHT", "CS_TinhHT.csproj", "{B930041B-6142-4C55-86F7-4FB4F53477BE}"
EndProject
Global
	GlobalSection(SolutionConfigurationPlatforms) = preSolution
		Debug|Any CPU = Debug|Any CPU
		Release|Any CPU = Release|Any CPU
	EndGlobalSection
	GlobalSection(ProjectConfigurationPlatforms) = postSolution
		{B930041B-6142-4C55-86F7-4FB4F53477BE}.Debug|Any CPU.ActiveCfg = Debug|Any CPU
		{B930041B-6142-4C55-86F7-4FB4F53477BE}.Debug|Any CPU.Build.0 = Debug|Any CPU
		{B930041B-6142-4C55-86F7-4FB4F53477BE}.Release|Any CPU.ActiveCfg = Release|Any CPU
		{B930041B-6142-4C55-86F7-4FB4F53477BE}.Release|Any CPU.Build.0 = Release|Any CPU
	EndGlobalSection
	GlobalSection(SolutionProperties) = preSolution
		HideSolutionNode = FALSE
	EndGlobalSection
	GlobalSection(ExtensibilityGlobals) = postSolution
		SolutionGuid = {6A4810BA-D4F8-40FA-ACDE-7BFB7652659A}
	EndGlobalSection
EndGlobal
